
Microsoft Visual Studio Solution File, Format Version 12.00
# Visual Studio Version 17
VisualStudioVersion = 17.5.33530.505
MinimumVisualStudioVersion = 10.0.40219.1
Project("{FAE04EC0-301F-11D3-BF4B-00C04F79EFBC}") = "ConsoleApp1", "ConsoleApp1.csproj", "{D39851C4-8AC8-4580-927D-513E256F0BBD}"
EndProject
Global
	GlobalSection(SolutionConfigurationPlatforms) = preSolution
		Debug|Any CPU = Debug|Any CPU
		Release|Any CPU = Release|Any CPU
	EndGlobalSection
	GlobalSection(ProjectConfigurationPlatforms) = postSolution
		{D39851C4-8AC8-4580-927D-513E256F0BBD}.Debug|Any CPU.ActiveCfg = Debug|Any CPU
		{D39851C4-8AC8-4580-927D-513E256F0BBD}.Debug|Any CPU.Build.0 = Debug|Any CPU
		{D39851C4-8AC8-4580-927D-513E256F0BBD}.Release|Any CPU.ActiveCfg = Release|Any CPU
		{D39851C4-8AC8-4580-927D-513E256F0BBD}.Release|Any CPU.Build.0 = Release|Any CPU
	EndGlobalSection
	GlobalSection(SolutionProperties) = preSolution
		HideSolutionNode = FALSE
	EndGlobalSection
	GlobalSection(ExtensibilityGlobals) = postSolution
		SolutionGuid = {1DEFAE1A-0591-4BEB-8C72-8B3EC4F89505}
	EndGlobalSection
EndGlobal
